
Microsoft Visual Studio Solution File, Format Version 12.00
# Visual Studio 15
VisualStudioVersion = 15.0.28307.438
MinimumVisualStudioVersion = 10.0.40219.1
Project("{FAE04EC0-301F-11D3-BF4B-00C04F79EFBC}") = "FomMonitoringApi", "FomMonitoringApi\FomMonitoringApi.csproj", "{CFCA9282-5898-47D4-81AA-124AEDFA00DB}"
EndProject
Project("{FAE04EC0-301F-11D3-BF4B-00C04F79EFBC}") = "FomMonitoringApi.Tests", "FomMonitoringApi.Tests\FomMonitoringApi.Tests.csproj", "{F069D035-8EC2-4DE8-A9CC-BB673B54CF4C}"
EndProject
Project("{FAE04EC0-301F-11D3-BF4B-00C04F79EFBC}") = "FomMonitoringCore", "FomMonitoringCore\FomMonitoringCore.csproj", "{E28AB72B-8E73-4A94-94B4-85C23498DDA0}"
EndProject
Project("{FAE04EC0-301F-11D3-BF4B-00C04F79EFBC}") = "FomMonitoringCore.Tests", "FomMonitoringCore.Tests\FomMonitoringCore.Tests.csproj", "{97C1DE40-EECD-4055-9FB3-F9F20991904A}"
EndProject
Project("{FAE04EC0-301F-11D3-BF4B-00C04F79EFBC}") = "FomMonitoringResources", "FomMonitoringResources\FomMonitoringResources.csproj", "{D55F7E93-771C-4180-83DE-353B98DAA2B5}"
EndProject
Project("{FAE04EC0-301F-11D3-BF4B-00C04F79EFBC}") = "FomMonitoringUpdateUsers", "FomMonitoringUpdateUsers\FomMonitoringUpdateUsers.csproj", "{4E2FBA7B-70EC-46B5-92D6-36B407BB107F}"
EndProject
Project("{FAE04EC0-301F-11D3-BF4B-00C04F79EFBC}") = "UserManager", "UserManager\UserManager.csproj", "{62F6CE7E-300E-4117-BDE1-CB422F8379C5}"
EndProject
Project("{FAE04EC0-301F-11D3-BF4B-00C04F79EFBC}") = "FomMonitoringCheckMaintenance", "FomMonitoringCheckMaintenance\FomMonitoringCheckMaintenance.csproj", "{5C20D561-B53A-4A83-A965-50A25B6B8156}"
EndProject
Project("{FAE04EC0-301F-11D3-BF4B-00C04F79EFBC}") = "FomMonitoringCheckOffline", "FomMonitoringCheckOffline\FomMonitoringCheckOffline.csproj", "{6D3B1C77-C544-4C9D-9704-11B5BBE67505}"
EndProject
Project("{2150E333-8FDC-42A3-9474-1A3956D46DE8}") = "LoadTest", "LoadTest", "{54296465-9F6F-4BD0-93F9-4B0C859C5F26}"
EndProject
Project("{FAE04EC0-301F-11D3-BF4B-00C04F79EFBC}") = "VariableListLoadTest", "VariableListLoadTest\VariableListLoadTest.csproj", "{3A5288F8-A9D1-481C-AC20-B44DFC1961F3}"
EndProject
Project("{FAE04EC0-301F-11D3-BF4B-00C04F79EFBC}") = "StateLoadTest", "StateLoadTest\StateLoadTest.csproj", "{501BEB12-0394-4C66-A3BD-A5B721C0743E}"
EndProject
Project("{2150E333-8FDC-42A3-9474-1A3956D46DE8}") = "ScheduledTask", "ScheduledTask", "{A1EDB804-4E18-40A8-A089-78A127ADC1ED}"
EndProject
Project("{2150E333-8FDC-42A3-9474-1A3956D46DE8}") = "Test", "Test", "{0CF53B43-A13F-4603-B073-95943EFF050D}"
EndProject
Project("{FAE04EC0-301F-11D3-BF4B-00C04F79EFBC}") = "ConsumerTest", "ConsumerTest\ConsumerTest.csproj", "{CDF82985-F7AA-4A25-B9E0-9A7A382C7D10}"
EndProject
Project("{00D1A9C2-B5F0-4AF3-8072-F6C62B433612}") = "LOLADB", "LOLADB\LOLADB.sqlproj", "{412786E2-7BA8-4907-A69D-65DEEC118CEE}"
EndProject
Project("{2150E333-8FDC-42A3-9474-1A3956D46DE8}") = "Database", "Database", "{E7065DA7-A19C-4083-AA32-5F370A96642C}"
EndProject
Project("{FAE04EC0-301F-11D3-BF4B-00C04F79EFBC}") = "FomMonitoringQueueApplication", "FomMonitoringQueueApplication\FomMonitoringQueueApplication.csproj", "{4F3445FD-10DE-4ECD-8A68-2611CDBCA684}"
EndProject
Project("{FAE04EC0-301F-11D3-BF4B-00C04F79EFBC}") = "ToolLoadTest", "ToolLoadTest\ToolLoadTest.csproj", "{0C54AD0D-A798-4931-AEC4-712E791D4B40}"
EndProject
Project("{FAE04EC0-301F-11D3-BF4B-00C04F79EFBC}") = "LoadParameters", "LoadParameters\LoadParameters.csproj", "{8708660E-126A-4DE4-B783-B0B0CCF613D3}"
EndProject
Project("{FAE04EC0-301F-11D3-BF4B-00C04F79EFBC}") = "FomMonitoringCore.SqlServer", "FomMonitoringCore.SqlServer\FomMonitoringCore.SqlServer.csproj", "{814936AA-1607-4A90-BCF5-B13AB3AF8F98}"
EndProject
Project("{FAE04EC0-301F-11D3-BF4B-00C04F79EFBC}") = "FomMonitoringCore.Mongo", "FomMonitoringCore.Mongo\FomMonitoringCore.Mongo.csproj", "{2D74150B-02CF-40E7-9946-255D2956D160}"
EndProject
Project("{FAE04EC0-301F-11D3-BF4B-00C04F79EFBC}") = "FomMonitoringCore.DataProcessing.Dto", "FomMonitoringCore.DataProcessing.Dto\FomMonitoringCore.DataProcessing.Dto.csproj", "{F36B3458-26DE-4CF6-8616-BF2194078CB9}"
EndProject
Project("{FAE04EC0-301F-11D3-BF4B-00C04F79EFBC}") = "FomMonitoringCore.Queue", "FomMonitoringCore.Queue\FomMonitoringCore.Queue.csproj", "{6FDE2173-288E-4350-B557-BE81B0FF3E11}"
EndProject
Project("{2150E333-8FDC-42A3-9474-1A3956D46DE8}") = "LolaXml", "LolaXml", "{C3A82133-1042-47DD-B491-5F7C1B8F92E6}"
	ProjectSection(SolutionItems) = preProject
		LolaXml\211_Lola.xml = LolaXml\211_Lola.xml
	EndProjectSection
EndProject
Global
	GlobalSection(SolutionConfigurationPlatforms) = preSolution
		Debug|Any CPU = Debug|Any CPU
		Debug|x86 = Debug|x86
		Dev|Any CPU = Dev|Any CPU
		Dev|x86 = Dev|x86
		Quality|Any CPU = Quality|Any CPU
		Quality|x86 = Quality|x86
		Release|Any CPU = Release|Any CPU
		Release|x86 = Release|x86
	EndGlobalSection
	GlobalSection(ProjectConfigurationPlatforms) = postSolution
		{CFCA9282-5898-47D4-81AA-124AEDFA00DB}.Debug|Any CPU.ActiveCfg = Debug|Any CPU
		{CFCA9282-5898-47D4-81AA-124AEDFA00DB}.Debug|Any CPU.Build.0 = Debug|Any CPU
		{CFCA9282-5898-47D4-81AA-124AEDFA00DB}.Debug|x86.ActiveCfg = Debug|Any CPU
		{CFCA9282-5898-47D4-81AA-124AEDFA00DB}.Debug|x86.Build.0 = Debug|Any CPU
		{CFCA9282-5898-47D4-81AA-124AEDFA00DB}.Dev|Any CPU.ActiveCfg = Dev|Any CPU
		{CFCA9282-5898-47D4-81AA-124AEDFA00DB}.Dev|Any CPU.Build.0 = Dev|Any CPU
		{CFCA9282-5898-47D4-81AA-124AEDFA00DB}.Dev|x86.ActiveCfg = Dev|Any CPU
		{CFCA9282-5898-47D4-81AA-124AEDFA00DB}.Dev|x86.Build.0 = Dev|Any CPU
		{CFCA9282-5898-47D4-81AA-124AEDFA00DB}.Quality|Any CPU.ActiveCfg = Quality|Any CPU
		{CFCA9282-5898-47D4-81AA-124AEDFA00DB}.Quality|Any CPU.Build.0 = Quality|Any CPU
		{CFCA9282-5898-47D4-81AA-124AEDFA00DB}.Quality|x86.ActiveCfg = Quality|Any CPU
		{CFCA9282-5898-47D4-81AA-124AEDFA00DB}.Quality|x86.Build.0 = Quality|Any CPU
		{CFCA9282-5898-47D4-81AA-124AEDFA00DB}.Release|Any CPU.ActiveCfg = Release|Any CPU
		{CFCA9282-5898-47D4-81AA-124AEDFA00DB}.Release|Any CPU.Build.0 = Release|Any CPU
		{CFCA9282-5898-47D4-81AA-124AEDFA00DB}.Release|x86.ActiveCfg = Release|Any CPU
		{CFCA9282-5898-47D4-81AA-124AEDFA00DB}.Release|x86.Build.0 = Release|Any CPU
		{F069D035-8EC2-4DE8-A9CC-BB673B54CF4C}.Debug|Any CPU.ActiveCfg = Debug|Any CPU
		{F069D035-8EC2-4DE8-A9CC-BB673B54CF4C}.Debug|Any CPU.Build.0 = Debug|Any CPU
		{F069D035-8EC2-4DE8-A9CC-BB673B54CF4C}.Debug|x86.ActiveCfg = Debug|Any CPU
		{F069D035-8EC2-4DE8-A9CC-BB673B54CF4C}.Debug|x86.Build.0 = Debug|Any CPU
		{F069D035-8EC2-4DE8-A9CC-BB673B54CF4C}.Dev|Any CPU.ActiveCfg = Dev|Any CPU
		{F069D035-8EC2-4DE8-A9CC-BB673B54CF4C}.Dev|Any CPU.Build.0 = Dev|Any CPU
		{F069D035-8EC2-4DE8-A9CC-BB673B54CF4C}.Dev|x86.ActiveCfg = Dev|Any CPU
		{F069D035-8EC2-4DE8-A9CC-BB673B54CF4C}.Dev|x86.Build.0 = Dev|Any CPU
		{F069D035-8EC2-4DE8-A9CC-BB673B54CF4C}.Quality|Any CPU.ActiveCfg = Quality|Any CPU
		{F069D035-8EC2-4DE8-A9CC-BB673B54CF4C}.Quality|Any CPU.Build.0 = Quality|Any CPU
		{F069D035-8EC2-4DE8-A9CC-BB673B54CF4C}.Quality|x86.ActiveCfg = Quality|Any CPU
		{F069D035-8EC2-4DE8-A9CC-BB673B54CF4C}.Quality|x86.Build.0 = Quality|Any CPU
		{F069D035-8EC2-4DE8-A9CC-BB673B54CF4C}.Release|Any CPU.ActiveCfg = Release|Any CPU
		{F069D035-8EC2-4DE8-A9CC-BB673B54CF4C}.Release|Any CPU.Build.0 = Release|Any CPU
		{F069D035-8EC2-4DE8-A9CC-BB673B54CF4C}.Release|x86.ActiveCfg = Release|Any CPU
		{F069D035-8EC2-4DE8-A9CC-BB673B54CF4C}.Release|x86.Build.0 = Release|Any CPU
		{E28AB72B-8E73-4A94-94B4-85C23498DDA0}.Debug|Any CPU.ActiveCfg = Debug|Any CPU
		{E28AB72B-8E73-4A94-94B4-85C23498DDA0}.Debug|Any CPU.Build.0 = Debug|Any CPU
		{E28AB72B-8E73-4A94-94B4-85C23498DDA0}.Debug|x86.ActiveCfg = Debug|x86
		{E28AB72B-8E73-4A94-94B4-85C23498DDA0}.Debug|x86.Build.0 = Debug|x86
		{E28AB72B-8E73-4A94-94B4-85C23498DDA0}.Dev|Any CPU.ActiveCfg = Dev|Any CPU
		{E28AB72B-8E73-4A94-94B4-85C23498DDA0}.Dev|Any CPU.Build.0 = Dev|Any CPU
		{E28AB72B-8E73-4A94-94B4-85C23498DDA0}.Dev|x86.ActiveCfg = Dev|x86
		{E28AB72B-8E73-4A94-94B4-85C23498DDA0}.Dev|x86.Build.0 = Dev|x86
		{E28AB72B-8E73-4A94-94B4-85C23498DDA0}.Quality|Any CPU.ActiveCfg = Quality|Any CPU
		{E28AB72B-8E73-4A94-94B4-85C23498DDA0}.Quality|Any CPU.Build.0 = Quality|Any CPU
		{E28AB72B-8E73-4A94-94B4-85C23498DDA0}.Quality|x86.ActiveCfg = Quality|x86
		{E28AB72B-8E73-4A94-94B4-85C23498DDA0}.Quality|x86.Build.0 = Quality|x86
		{E28AB72B-8E73-4A94-94B4-85C23498DDA0}.Release|Any CPU.ActiveCfg = Dev|Any CPU
		{E28AB72B-8E73-4A94-94B4-85C23498DDA0}.Release|Any CPU.Build.0 = Dev|Any CPU
		{E28AB72B-8E73-4A94-94B4-85C23498DDA0}.Release|x86.ActiveCfg = Dev|x86
		{E28AB72B-8E73-4A94-94B4-85C23498DDA0}.Release|x86.Build.0 = Dev|x86
		{97C1DE40-EECD-4055-9FB3-F9F20991904A}.Debug|Any CPU.ActiveCfg = Debug|Any CPU
		{97C1DE40-EECD-4055-9FB3-F9F20991904A}.Debug|Any CPU.Build.0 = Debug|Any CPU
		{97C1DE40-EECD-4055-9FB3-F9F20991904A}.Debug|x86.ActiveCfg = Debug|Any CPU
		{97C1DE40-EECD-4055-9FB3-F9F20991904A}.Debug|x86.Build.0 = Debug|Any CPU
		{97C1DE40-EECD-4055-9FB3-F9F20991904A}.Dev|Any CPU.ActiveCfg = Dev|Any CPU
		{97C1DE40-EECD-4055-9FB3-F9F20991904A}.Dev|Any CPU.Build.0 = Dev|Any CPU
		{97C1DE40-EECD-4055-9FB3-F9F20991904A}.Dev|x86.ActiveCfg = Dev|Any CPU
		{97C1DE40-EECD-4055-9FB3-F9F20991904A}.Dev|x86.Build.0 = Dev|Any CPU
		{97C1DE40-EECD-4055-9FB3-F9F20991904A}.Quality|Any CPU.ActiveCfg = Quality|Any CPU
		{97C1DE40-EECD-4055-9FB3-F9F20991904A}.Quality|Any CPU.Build.0 = Quality|Any CPU
		{97C1DE40-EECD-4055-9FB3-F9F20991904A}.Quality|x86.ActiveCfg = Quality|Any CPU
		{97C1DE40-EECD-4055-9FB3-F9F20991904A}.Quality|x86.Build.0 = Quality|Any CPU
		{97C1DE40-EECD-4055-9FB3-F9F20991904A}.Release|Any CPU.ActiveCfg = Dev|Any CPU
		{97C1DE40-EECD-4055-9FB3-F9F20991904A}.Release|Any CPU.Build.0 = Dev|Any CPU
		{97C1DE40-EECD-4055-9FB3-F9F20991904A}.Release|x86.ActiveCfg = Dev|Any CPU
		{97C1DE40-EECD-4055-9FB3-F9F20991904A}.Release|x86.Build.0 = Dev|Any CPU
		{D55F7E93-771C-4180-83DE-353B98DAA2B5}.Debug|Any CPU.ActiveCfg = Debug|Any CPU
		{D55F7E93-771C-4180-83DE-353B98DAA2B5}.Debug|Any CPU.Build.0 = Debug|Any CPU
		{D55F7E93-771C-4180-83DE-353B98DAA2B5}.Debug|x86.ActiveCfg = Debug|Any CPU
		{D55F7E93-771C-4180-83DE-353B98DAA2B5}.Debug|x86.Build.0 = Debug|Any CPU
		{D55F7E93-771C-4180-83DE-353B98DAA2B5}.Dev|Any CPU.ActiveCfg = Dev|Any CPU
		{D55F7E93-771C-4180-83DE-353B98DAA2B5}.Dev|Any CPU.Build.0 = Dev|Any CPU
		{D55F7E93-771C-4180-83DE-353B98DAA2B5}.Dev|x86.ActiveCfg = Dev|Any CPU
		{D55F7E93-771C-4180-83DE-353B98DAA2B5}.Dev|x86.Build.0 = Dev|Any CPU
		{D55F7E93-771C-4180-83DE-353B98DAA2B5}.Quality|Any CPU.ActiveCfg = Quality|Any CPU
		{D55F7E93-771C-4180-83DE-353B98DAA2B5}.Quality|Any CPU.Build.0 = Quality|Any CPU
		{D55F7E93-771C-4180-83DE-353B98DAA2B5}.Quality|x86.ActiveCfg = Quality|Any CPU
		{D55F7E93-771C-4180-83DE-353B98DAA2B5}.Quality|x86.Build.0 = Quality|Any CPU
		{D55F7E93-771C-4180-83DE-353B98DAA2B5}.Release|Any CPU.ActiveCfg = Dev|Any CPU
		{D55F7E93-771C-4180-83DE-353B98DAA2B5}.Release|Any CPU.Build.0 = Dev|Any CPU
		{D55F7E93-771C-4180-83DE-353B98DAA2B5}.Release|x86.ActiveCfg = Dev|Any CPU
		{D55F7E93-771C-4180-83DE-353B98DAA2B5}.Release|x86.Build.0 = Dev|Any CPU
		{4E2FBA7B-70EC-46B5-92D6-36B407BB107F}.Debug|Any CPU.ActiveCfg = Debug|Any CPU
		{4E2FBA7B-70EC-46B5-92D6-36B407BB107F}.Debug|Any CPU.Build.0 = Debug|Any CPU
		{4E2FBA7B-70EC-46B5-92D6-36B407BB107F}.Debug|x86.ActiveCfg = Debug|Any CPU
		{4E2FBA7B-70EC-46B5-92D6-36B407BB107F}.Debug|x86.Build.0 = Debug|Any CPU
		{4E2FBA7B-70EC-46B5-92D6-36B407BB107F}.Dev|Any CPU.ActiveCfg = Dev|Any CPU
		{4E2FBA7B-70EC-46B5-92D6-36B407BB107F}.Dev|Any CPU.Build.0 = Dev|Any CPU
		{4E2FBA7B-70EC-46B5-92D6-36B407BB107F}.Dev|x86.ActiveCfg = Dev|Any CPU
		{4E2FBA7B-70EC-46B5-92D6-36B407BB107F}.Dev|x86.Build.0 = Dev|Any CPU
		{4E2FBA7B-70EC-46B5-92D6-36B407BB107F}.Quality|Any CPU.ActiveCfg = Quality|Any CPU
		{4E2FBA7B-70EC-46B5-92D6-36B407BB107F}.Quality|Any CPU.Build.0 = Quality|Any CPU
		{4E2FBA7B-70EC-46B5-92D6-36B407BB107F}.Quality|x86.ActiveCfg = Quality|Any CPU
		{4E2FBA7B-70EC-46B5-92D6-36B407BB107F}.Quality|x86.Build.0 = Quality|Any CPU
		{4E2FBA7B-70EC-46B5-92D6-36B407BB107F}.Release|Any CPU.ActiveCfg = Release|Any CPU
		{4E2FBA7B-70EC-46B5-92D6-36B407BB107F}.Release|Any CPU.Build.0 = Release|Any CPU
		{4E2FBA7B-70EC-46B5-92D6-36B407BB107F}.Release|x86.ActiveCfg = Release|Any CPU
		{4E2FBA7B-70EC-46B5-92D6-36B407BB107F}.Release|x86.Build.0 = Release|Any CPU
		{62F6CE7E-300E-4117-BDE1-CB422F8379C5}.Debug|Any CPU.ActiveCfg = Debug|Any CPU
		{62F6CE7E-300E-4117-BDE1-CB422F8379C5}.Debug|Any CPU.Build.0 = Debug|Any CPU
		{62F6CE7E-300E-4117-BDE1-CB422F8379C5}.Debug|x86.ActiveCfg = Debug|Any CPU
		{62F6CE7E-300E-4117-BDE1-CB422F8379C5}.Debug|x86.Build.0 = Debug|Any CPU
		{62F6CE7E-300E-4117-BDE1-CB422F8379C5}.Dev|Any CPU.ActiveCfg = Dev|Any CPU
		{62F6CE7E-300E-4117-BDE1-CB422F8379C5}.Dev|Any CPU.Build.0 = Dev|Any CPU
		{62F6CE7E-300E-4117-BDE1-CB422F8379C5}.Dev|x86.ActiveCfg = Dev|Any CPU
		{62F6CE7E-300E-4117-BDE1-CB422F8379C5}.Dev|x86.Build.0 = Dev|Any CPU
		{62F6CE7E-300E-4117-BDE1-CB422F8379C5}.Quality|Any CPU.ActiveCfg = Quality|Any CPU
		{62F6CE7E-300E-4117-BDE1-CB422F8379C5}.Quality|Any CPU.Build.0 = Quality|Any CPU
		{62F6CE7E-300E-4117-BDE1-CB422F8379C5}.Quality|x86.ActiveCfg = Quality|Any CPU
		{62F6CE7E-300E-4117-BDE1-CB422F8379C5}.Quality|x86.Build.0 = Quality|Any CPU
		{62F6CE7E-300E-4117-BDE1-CB422F8379C5}.Release|Any CPU.ActiveCfg = Dev|Any CPU
		{62F6CE7E-300E-4117-BDE1-CB422F8379C5}.Release|Any CPU.Build.0 = Dev|Any CPU
		{62F6CE7E-300E-4117-BDE1-CB422F8379C5}.Release|x86.ActiveCfg = Dev|Any CPU
		{62F6CE7E-300E-4117-BDE1-CB422F8379C5}.Release|x86.Build.0 = Dev|Any CPU
		{5C20D561-B53A-4A83-A965-50A25B6B8156}.Debug|Any CPU.ActiveCfg = Debug|Any CPU
		{5C20D561-B53A-4A83-A965-50A25B6B8156}.Debug|Any CPU.Build.0 = Debug|Any CPU
		{5C20D561-B53A-4A83-A965-50A25B6B8156}.Debug|x86.ActiveCfg = Debug|Any CPU
		{5C20D561-B53A-4A83-A965-50A25B6B8156}.Debug|x86.Build.0 = Debug|Any CPU
		{5C20D561-B53A-4A83-A965-50A25B6B8156}.Dev|Any CPU.ActiveCfg = Dev|Any CPU
		{5C20D561-B53A-4A83-A965-50A25B6B8156}.Dev|Any CPU.Build.0 = Dev|Any CPU
		{5C20D561-B53A-4A83-A965-50A25B6B8156}.Dev|x86.ActiveCfg = Dev|Any CPU
		{5C20D561-B53A-4A83-A965-50A25B6B8156}.Dev|x86.Build.0 = Dev|Any CPU
		{5C20D561-B53A-4A83-A965-50A25B6B8156}.Quality|Any CPU.ActiveCfg = Quality|Any CPU
		{5C20D561-B53A-4A83-A965-50A25B6B8156}.Quality|Any CPU.Build.0 = Quality|Any CPU
		{5C20D561-B53A-4A83-A965-50A25B6B8156}.Quality|x86.ActiveCfg = Quality|Any CPU
		{5C20D561-B53A-4A83-A965-50A25B6B8156}.Quality|x86.Build.0 = Quality|Any CPU
		{5C20D561-B53A-4A83-A965-50A25B6B8156}.Release|Any CPU.ActiveCfg = Release|Any CPU
		{5C20D561-B53A-4A83-A965-50A25B6B8156}.Release|Any CPU.Build.0 = Release|Any CPU
		{5C20D561-B53A-4A83-A965-50A25B6B8156}.Release|x86.ActiveCfg = Release|Any CPU
		{5C20D561-B53A-4A83-A965-50A25B6B8156}.Release|x86.Build.0 = Release|Any CPU
		{6D3B1C77-C544-4C9D-9704-11B5BBE67505}.Debug|Any CPU.ActiveCfg = Debug|Any CPU
		{6D3B1C77-C544-4C9D-9704-11B5BBE67505}.Debug|Any CPU.Build.0 = Debug|Any CPU
		{6D3B1C77-C544-4C9D-9704-11B5BBE67505}.Debug|x86.ActiveCfg = Debug|Any CPU
		{6D3B1C77-C544-4C9D-9704-11B5BBE67505}.Debug|x86.Build.0 = Debug|Any CPU
		{6D3B1C77-C544-4C9D-9704-11B5BBE67505}.Dev|Any CPU.ActiveCfg = Dev|Any CPU
		{6D3B1C77-C544-4C9D-9704-11B5BBE67505}.Dev|Any CPU.Build.0 = Dev|Any CPU
		{6D3B1C77-C544-4C9D-9704-11B5BBE67505}.Dev|x86.ActiveCfg = Dev|Any CPU
		{6D3B1C77-C544-4C9D-9704-11B5BBE67505}.Dev|x86.Build.0 = Dev|Any CPU
		{6D3B1C77-C544-4C9D-9704-11B5BBE67505}.Quality|Any CPU.ActiveCfg = Quality|Any CPU
		{6D3B1C77-C544-4C9D-9704-11B5BBE67505}.Quality|Any CPU.Build.0 = Quality|Any CPU
		{6D3B1C77-C544-4C9D-9704-11B5BBE67505}.Quality|x86.ActiveCfg = Quality|Any CPU
		{6D3B1C77-C544-4C9D-9704-11B5BBE67505}.Quality|x86.Build.0 = Quality|Any CPU
		{6D3B1C77-C544-4C9D-9704-11B5BBE67505}.Release|Any CPU.ActiveCfg = Release|Any CPU
		{6D3B1C77-C544-4C9D-9704-11B5BBE67505}.Release|Any CPU.Build.0 = Release|Any CPU
		{6D3B1C77-C544-4C9D-9704-11B5BBE67505}.Release|x86.ActiveCfg = Release|Any CPU
		{6D3B1C77-C544-4C9D-9704-11B5BBE67505}.Release|x86.Build.0 = Release|Any CPU
		{3A5288F8-A9D1-481C-AC20-B44DFC1961F3}.Debug|Any CPU.ActiveCfg = Debug|Any CPU
		{3A5288F8-A9D1-481C-AC20-B44DFC1961F3}.Debug|Any CPU.Build.0 = Debug|Any CPU
		{3A5288F8-A9D1-481C-AC20-B44DFC1961F3}.Debug|x86.ActiveCfg = Debug|Any CPU
		{3A5288F8-A9D1-481C-AC20-B44DFC1961F3}.Debug|x86.Build.0 = Debug|Any CPU
		{3A5288F8-A9D1-481C-AC20-B44DFC1961F3}.Dev|Any CPU.ActiveCfg = Dev|Any CPU
		{3A5288F8-A9D1-481C-AC20-B44DFC1961F3}.Dev|Any CPU.Build.0 = Dev|Any CPU
		{3A5288F8-A9D1-481C-AC20-B44DFC1961F3}.Dev|x86.ActiveCfg = Dev|Any CPU
		{3A5288F8-A9D1-481C-AC20-B44DFC1961F3}.Dev|x86.Build.0 = Dev|Any CPU
		{3A5288F8-A9D1-481C-AC20-B44DFC1961F3}.Quality|Any CPU.ActiveCfg = Quality|Any CPU
		{3A5288F8-A9D1-481C-AC20-B44DFC1961F3}.Quality|Any CPU.Build.0 = Quality|Any CPU
		{3A5288F8-A9D1-481C-AC20-B44DFC1961F3}.Quality|x86.ActiveCfg = Quality|Any CPU
		{3A5288F8-A9D1-481C-AC20-B44DFC1961F3}.Quality|x86.Build.0 = Quality|Any CPU
		{3A5288F8-A9D1-481C-AC20-B44DFC1961F3}.Release|Any CPU.ActiveCfg = Release|Any CPU
		{3A5288F8-A9D1-481C-AC20-B44DFC1961F3}.Release|Any CPU.Build.0 = Release|Any CPU
		{3A5288F8-A9D1-481C-AC20-B44DFC1961F3}.Release|x86.ActiveCfg = Release|Any CPU
		{3A5288F8-A9D1-481C-AC20-B44DFC1961F3}.Release|x86.Build.0 = Release|Any CPU
		{501BEB12-0394-4C66-A3BD-A5B721C0743E}.Debug|Any CPU.ActiveCfg = Debug|Any CPU
		{501BEB12-0394-4C66-A3BD-A5B721C0743E}.Debug|Any CPU.Build.0 = Debug|Any CPU
		{501BEB12-0394-4C66-A3BD-A5B721C0743E}.Debug|x86.ActiveCfg = Debug|Any CPU
		{501BEB12-0394-4C66-A3BD-A5B721C0743E}.Debug|x86.Build.0 = Debug|Any CPU
		{501BEB12-0394-4C66-A3BD-A5B721C0743E}.Dev|Any CPU.ActiveCfg = Dev|Any CPU
		{501BEB12-0394-4C66-A3BD-A5B721C0743E}.Dev|Any CPU.Build.0 = Dev|Any CPU
		{501BEB12-0394-4C66-A3BD-A5B721C0743E}.Dev|x86.ActiveCfg = Dev|Any CPU
		{501BEB12-0394-4C66-A3BD-A5B721C0743E}.Dev|x86.Build.0 = Dev|Any CPU
		{501BEB12-0394-4C66-A3BD-A5B721C0743E}.Quality|Any CPU.ActiveCfg = Quality|Any CPU
		{501BEB12-0394-4C66-A3BD-A5B721C0743E}.Quality|Any CPU.Build.0 = Quality|Any CPU
		{501BEB12-0394-4C66-A3BD-A5B721C0743E}.Quality|x86.ActiveCfg = Quality|Any CPU
		{501BEB12-0394-4C66-A3BD-A5B721C0743E}.Quality|x86.Build.0 = Quality|Any CPU
		{501BEB12-0394-4C66-A3BD-A5B721C0743E}.Release|Any CPU.ActiveCfg = Release|Any CPU
		{501BEB12-0394-4C66-A3BD-A5B721C0743E}.Release|Any CPU.Build.0 = Release|Any CPU
		{501BEB12-0394-4C66-A3BD-A5B721C0743E}.Release|x86.ActiveCfg = Release|Any CPU
		{501BEB12-0394-4C66-A3BD-A5B721C0743E}.Release|x86.Build.0 = Release|Any CPU
		{CDF82985-F7AA-4A25-B9E0-9A7A382C7D10}.Debug|Any CPU.ActiveCfg = Debug|Any CPU
		{CDF82985-F7AA-4A25-B9E0-9A7A382C7D10}.Debug|Any CPU.Build.0 = Debug|Any CPU
		{CDF82985-F7AA-4A25-B9E0-9A7A382C7D10}.Debug|x86.ActiveCfg = Debug|Any CPU
		{CDF82985-F7AA-4A25-B9E0-9A7A382C7D10}.Debug|x86.Build.0 = Debug|Any CPU
		{CDF82985-F7AA-4A25-B9E0-9A7A382C7D10}.Dev|Any CPU.ActiveCfg = Debug|Any CPU
		{CDF82985-F7AA-4A25-B9E0-9A7A382C7D10}.Dev|Any CPU.Build.0 = Debug|Any CPU
		{CDF82985-F7AA-4A25-B9E0-9A7A382C7D10}.Dev|x86.ActiveCfg = Debug|Any CPU
		{CDF82985-F7AA-4A25-B9E0-9A7A382C7D10}.Dev|x86.Build.0 = Debug|Any CPU
		{CDF82985-F7AA-4A25-B9E0-9A7A382C7D10}.Quality|Any CPU.ActiveCfg = Release|Any CPU
		{CDF82985-F7AA-4A25-B9E0-9A7A382C7D10}.Quality|Any CPU.Build.0 = Release|Any CPU
		{CDF82985-F7AA-4A25-B9E0-9A7A382C7D10}.Quality|x86.ActiveCfg = Release|Any CPU
		{CDF82985-F7AA-4A25-B9E0-9A7A382C7D10}.Quality|x86.Build.0 = Release|Any CPU
		{CDF82985-F7AA-4A25-B9E0-9A7A382C7D10}.Release|Any CPU.ActiveCfg = Release|Any CPU
		{CDF82985-F7AA-4A25-B9E0-9A7A382C7D10}.Release|Any CPU.Build.0 = Release|Any CPU
		{CDF82985-F7AA-4A25-B9E0-9A7A382C7D10}.Release|x86.ActiveCfg = Release|Any CPU
		{CDF82985-F7AA-4A25-B9E0-9A7A382C7D10}.Release|x86.Build.0 = Release|Any CPU
		{412786E2-7BA8-4907-A69D-65DEEC118CEE}.Debug|Any CPU.ActiveCfg = Debug|Any CPU
		{412786E2-7BA8-4907-A69D-65DEEC118CEE}.Debug|Any CPU.Build.0 = Debug|Any CPU
		{412786E2-7BA8-4907-A69D-65DEEC118CEE}.Debug|Any CPU.Deploy.0 = Debug|Any CPU
		{412786E2-7BA8-4907-A69D-65DEEC118CEE}.Debug|x86.ActiveCfg = Debug|Any CPU
		{412786E2-7BA8-4907-A69D-65DEEC118CEE}.Debug|x86.Build.0 = Debug|Any CPU
		{412786E2-7BA8-4907-A69D-65DEEC118CEE}.Debug|x86.Deploy.0 = Debug|Any CPU
		{412786E2-7BA8-4907-A69D-65DEEC118CEE}.Dev|Any CPU.ActiveCfg = Debug|Any CPU
		{412786E2-7BA8-4907-A69D-65DEEC118CEE}.Dev|Any CPU.Build.0 = Debug|Any CPU
		{412786E2-7BA8-4907-A69D-65DEEC118CEE}.Dev|Any CPU.Deploy.0 = Debug|Any CPU
		{412786E2-7BA8-4907-A69D-65DEEC118CEE}.Dev|x86.ActiveCfg = Debug|Any CPU
		{412786E2-7BA8-4907-A69D-65DEEC118CEE}.Dev|x86.Build.0 = Debug|Any CPU
		{412786E2-7BA8-4907-A69D-65DEEC118CEE}.Dev|x86.Deploy.0 = Debug|Any CPU
		{412786E2-7BA8-4907-A69D-65DEEC118CEE}.Quality|Any CPU.ActiveCfg = Debug|Any CPU
		{412786E2-7BA8-4907-A69D-65DEEC118CEE}.Quality|Any CPU.Build.0 = Debug|Any CPU
		{412786E2-7BA8-4907-A69D-65DEEC118CEE}.Quality|Any CPU.Deploy.0 = Debug|Any CPU
		{412786E2-7BA8-4907-A69D-65DEEC118CEE}.Quality|x86.ActiveCfg = Debug|Any CPU
		{412786E2-7BA8-4907-A69D-65DEEC118CEE}.Quality|x86.Build.0 = Debug|Any CPU
		{412786E2-7BA8-4907-A69D-65DEEC118CEE}.Quality|x86.Deploy.0 = Debug|Any CPU
		{412786E2-7BA8-4907-A69D-65DEEC118CEE}.Release|Any CPU.ActiveCfg = Release|Any CPU
		{412786E2-7BA8-4907-A69D-65DEEC118CEE}.Release|Any CPU.Build.0 = Release|Any CPU
		{412786E2-7BA8-4907-A69D-65DEEC118CEE}.Release|Any CPU.Deploy.0 = Release|Any CPU
		{412786E2-7BA8-4907-A69D-65DEEC118CEE}.Release|x86.ActiveCfg = Release|Any CPU
		{412786E2-7BA8-4907-A69D-65DEEC118CEE}.Release|x86.Build.0 = Release|Any CPU
		{412786E2-7BA8-4907-A69D-65DEEC118CEE}.Release|x86.Deploy.0 = Release|Any CPU
		{4F3445FD-10DE-4ECD-8A68-2611CDBCA684}.Debug|Any CPU.ActiveCfg = Debug|Any CPU
		{4F3445FD-10DE-4ECD-8A68-2611CDBCA684}.Debug|Any CPU.Build.0 = Debug|Any CPU
		{4F3445FD-10DE-4ECD-8A68-2611CDBCA684}.Debug|x86.ActiveCfg = Debug|Any CPU
		{4F3445FD-10DE-4ECD-8A68-2611CDBCA684}.Debug|x86.Build.0 = Debug|Any CPU
		{4F3445FD-10DE-4ECD-8A68-2611CDBCA684}.Dev|Any CPU.ActiveCfg = Debug|Any CPU
		{4F3445FD-10DE-4ECD-8A68-2611CDBCA684}.Dev|Any CPU.Build.0 = Debug|Any CPU
		{4F3445FD-10DE-4ECD-8A68-2611CDBCA684}.Dev|x86.ActiveCfg = Debug|Any CPU
		{4F3445FD-10DE-4ECD-8A68-2611CDBCA684}.Dev|x86.Build.0 = Debug|Any CPU
		{4F3445FD-10DE-4ECD-8A68-2611CDBCA684}.Quality|Any CPU.ActiveCfg = Release|Any CPU
		{4F3445FD-10DE-4ECD-8A68-2611CDBCA684}.Quality|Any CPU.Build.0 = Release|Any CPU
		{4F3445FD-10DE-4ECD-8A68-2611CDBCA684}.Quality|x86.ActiveCfg = Release|Any CPU
		{4F3445FD-10DE-4ECD-8A68-2611CDBCA684}.Quality|x86.Build.0 = Release|Any CPU
		{4F3445FD-10DE-4ECD-8A68-2611CDBCA684}.Release|Any CPU.ActiveCfg = Release|Any CPU
		{4F3445FD-10DE-4ECD-8A68-2611CDBCA684}.Release|Any CPU.Build.0 = Release|Any CPU
		{4F3445FD-10DE-4ECD-8A68-2611CDBCA684}.Release|x86.ActiveCfg = Release|Any CPU
		{4F3445FD-10DE-4ECD-8A68-2611CDBCA684}.Release|x86.Build.0 = Release|Any CPU
		{0C54AD0D-A798-4931-AEC4-712E791D4B40}.Debug|Any CPU.ActiveCfg = Debug|Any CPU
		{0C54AD0D-A798-4931-AEC4-712E791D4B40}.Debug|Any CPU.Build.0 = Debug|Any CPU
		{0C54AD0D-A798-4931-AEC4-712E791D4B40}.Debug|x86.ActiveCfg = Debug|Any CPU
		{0C54AD0D-A798-4931-AEC4-712E791D4B40}.Debug|x86.Build.0 = Debug|Any CPU
		{0C54AD0D-A798-4931-AEC4-712E791D4B40}.Dev|Any CPU.ActiveCfg = Debug|Any CPU
		{0C54AD0D-A798-4931-AEC4-712E791D4B40}.Dev|Any CPU.Build.0 = Debug|Any CPU
		{0C54AD0D-A798-4931-AEC4-712E791D4B40}.Dev|x86.ActiveCfg = Debug|Any CPU
		{0C54AD0D-A798-4931-AEC4-712E791D4B40}.Dev|x86.Build.0 = Debug|Any CPU
		{0C54AD0D-A798-4931-AEC4-712E791D4B40}.Quality|Any CPU.ActiveCfg = Release|Any CPU
		{0C54AD0D-A798-4931-AEC4-712E791D4B40}.Quality|Any CPU.Build.0 = Release|Any CPU
		{0C54AD0D-A798-4931-AEC4-712E791D4B40}.Quality|x86.ActiveCfg = Release|Any CPU
		{0C54AD0D-A798-4931-AEC4-712E791D4B40}.Quality|x86.Build.0 = Release|Any CPU
		{0C54AD0D-A798-4931-AEC4-712E791D4B40}.Release|Any CPU.ActiveCfg = Release|Any CPU
		{0C54AD0D-A798-4931-AEC4-712E791D4B40}.Release|Any CPU.Build.0 = Release|Any CPU
		{0C54AD0D-A798-4931-AEC4-712E791D4B40}.Release|x86.ActiveCfg = Release|Any CPU
		{0C54AD0D-A798-4931-AEC4-712E791D4B40}.Release|x86.Build.0 = Release|Any CPU
		{8708660E-126A-4DE4-B783-B0B0CCF613D3}.Debug|Any CPU.ActiveCfg = Debug|Any CPU
		{8708660E-126A-4DE4-B783-B0B0CCF613D3}.Debug|Any CPU.Build.0 = Debug|Any CPU
		{8708660E-126A-4DE4-B783-B0B0CCF613D3}.Debug|x86.ActiveCfg = Debug|Any CPU
		{8708660E-126A-4DE4-B783-B0B0CCF613D3}.Debug|x86.Build.0 = Debug|Any CPU
		{8708660E-126A-4DE4-B783-B0B0CCF613D3}.Dev|Any CPU.ActiveCfg = Debug|Any CPU
		{8708660E-126A-4DE4-B783-B0B0CCF613D3}.Dev|Any CPU.Build.0 = Debug|Any CPU
		{8708660E-126A-4DE4-B783-B0B0CCF613D3}.Dev|x86.ActiveCfg = Debug|Any CPU
		{8708660E-126A-4DE4-B783-B0B0CCF613D3}.Dev|x86.Build.0 = Debug|Any CPU
		{8708660E-126A-4DE4-B783-B0B0CCF613D3}.Quality|Any CPU.ActiveCfg = Release|Any CPU
		{8708660E-126A-4DE4-B783-B0B0CCF613D3}.Quality|Any CPU.Build.0 = Release|Any CPU
		{8708660E-126A-4DE4-B783-B0B0CCF613D3}.Quality|x86.ActiveCfg = Release|Any CPU
		{8708660E-126A-4DE4-B783-B0B0CCF613D3}.Quality|x86.Build.0 = Release|Any CPU
		{8708660E-126A-4DE4-B783-B0B0CCF613D3}.Release|Any CPU.ActiveCfg = Release|Any CPU
		{8708660E-126A-4DE4-B783-B0B0CCF613D3}.Release|Any CPU.Build.0 = Release|Any CPU
		{8708660E-126A-4DE4-B783-B0B0CCF613D3}.Release|x86.ActiveCfg = Release|Any CPU
		{8708660E-126A-4DE4-B783-B0B0CCF613D3}.Release|x86.Build.0 = Release|Any CPU
		{814936AA-1607-4A90-BCF5-B13AB3AF8F98}.Debug|Any CPU.ActiveCfg = Debug|Any CPU
		{814936AA-1607-4A90-BCF5-B13AB3AF8F98}.Debug|Any CPU.Build.0 = Debug|Any CPU
		{814936AA-1607-4A90-BCF5-B13AB3AF8F98}.Debug|x86.ActiveCfg = Debug|Any CPU
		{814936AA-1607-4A90-BCF5-B13AB3AF8F98}.Debug|x86.Build.0 = Debug|Any CPU
		{814936AA-1607-4A90-BCF5-B13AB3AF8F98}.Dev|Any CPU.ActiveCfg = Debug|Any CPU
		{814936AA-1607-4A90-BCF5-B13AB3AF8F98}.Dev|Any CPU.Build.0 = Debug|Any CPU
		{814936AA-1607-4A90-BCF5-B13AB3AF8F98}.Dev|x86.ActiveCfg = Debug|Any CPU
		{814936AA-1607-4A90-BCF5-B13AB3AF8F98}.Dev|x86.Build.0 = Debug|Any CPU
		{814936AA-1607-4A90-BCF5-B13AB3AF8F98}.Quality|Any CPU.ActiveCfg = Release|Any CPU
		{814936AA-1607-4A90-BCF5-B13AB3AF8F98}.Quality|Any CPU.Build.0 = Release|Any CPU
		{814936AA-1607-4A90-BCF5-B13AB3AF8F98}.Quality|x86.ActiveCfg = Release|Any CPU
		{814936AA-1607-4A90-BCF5-B13AB3AF8F98}.Quality|x86.Build.0 = Release|Any CPU
		{814936AA-1607-4A90-BCF5-B13AB3AF8F98}.Release|Any CPU.ActiveCfg = Release|Any CPU
		{814936AA-1607-4A90-BCF5-B13AB3AF8F98}.Release|Any CPU.Build.0 = Release|Any CPU
		{814936AA-1607-4A90-BCF5-B13AB3AF8F98}.Release|x86.ActiveCfg = Release|Any CPU
		{814936AA-1607-4A90-BCF5-B13AB3AF8F98}.Release|x86.Build.0 = Release|Any CPU
		{2D74150B-02CF-40E7-9946-255D2956D160}.Debug|Any CPU.ActiveCfg = Debug|Any CPU
		{2D74150B-02CF-40E7-9946-255D2956D160}.Debug|Any CPU.Build.0 = Debug|Any CPU
		{2D74150B-02CF-40E7-9946-255D2956D160}.Debug|x86.ActiveCfg = Debug|Any CPU
		{2D74150B-02CF-40E7-9946-255D2956D160}.Debug|x86.Build.0 = Debug|Any CPU
		{2D74150B-02CF-40E7-9946-255D2956D160}.Dev|Any CPU.ActiveCfg = Debug|Any CPU
		{2D74150B-02CF-40E7-9946-255D2956D160}.Dev|Any CPU.Build.0 = Debug|Any CPU
		{2D74150B-02CF-40E7-9946-255D2956D160}.Dev|x86.ActiveCfg = Debug|Any CPU
		{2D74150B-02CF-40E7-9946-255D2956D160}.Dev|x86.Build.0 = Debug|Any CPU
		{2D74150B-02CF-40E7-9946-255D2956D160}.Quality|Any CPU.ActiveCfg = Release|Any CPU
		{2D74150B-02CF-40E7-9946-255D2956D160}.Quality|Any CPU.Build.0 = Release|Any CPU
		{2D74150B-02CF-40E7-9946-255D2956D160}.Quality|x86.ActiveCfg = Release|Any CPU
		{2D74150B-02CF-40E7-9946-255D2956D160}.Quality|x86.Build.0 = Release|Any CPU
		{2D74150B-02CF-40E7-9946-255D2956D160}.Release|Any CPU.ActiveCfg = Release|Any CPU
		{2D74150B-02CF-40E7-9946-255D2956D160}.Release|Any CPU.Build.0 = Release|Any CPU
		{2D74150B-02CF-40E7-9946-255D2956D160}.Release|x86.ActiveCfg = Release|Any CPU
		{2D74150B-02CF-40E7-9946-255D2956D160}.Release|x86.Build.0 = Release|Any CPU
		{F36B3458-26DE-4CF6-8616-BF2194078CB9}.Debug|Any CPU.ActiveCfg = Debug|Any CPU
		{F36B3458-26DE-4CF6-8616-BF2194078CB9}.Debug|Any CPU.Build.0 = Debug|Any CPU
		{F36B3458-26DE-4CF6-8616-BF2194078CB9}.Debug|x86.ActiveCfg = Debug|Any CPU
		{F36B3458-26DE-4CF6-8616-BF2194078CB9}.Debug|x86.Build.0 = Debug|Any CPU
		{F36B3458-26DE-4CF6-8616-BF2194078CB9}.Dev|Any CPU.ActiveCfg = Debug|Any CPU
		{F36B3458-26DE-4CF6-8616-BF2194078CB9}.Dev|Any CPU.Build.0 = Debug|Any CPU
		{F36B3458-26DE-4CF6-8616-BF2194078CB9}.Dev|x86.ActiveCfg = Debug|Any CPU
		{F36B3458-26DE-4CF6-8616-BF2194078CB9}.Dev|x86.Build.0 = Debug|Any CPU
		{F36B3458-26DE-4CF6-8616-BF2194078CB9}.Quality|Any CPU.ActiveCfg = Release|Any CPU
		{F36B3458-26DE-4CF6-8616-BF2194078CB9}.Quality|Any CPU.Build.0 = Release|Any CPU
		{F36B3458-26DE-4CF6-8616-BF2194078CB9}.Quality|x86.ActiveCfg = Release|Any CPU
		{F36B3458-26DE-4CF6-8616-BF2194078CB9}.Quality|x86.Build.0 = Release|Any CPU
		{F36B3458-26DE-4CF6-8616-BF2194078CB9}.Release|Any CPU.ActiveCfg = Release|Any CPU
		{F36B3458-26DE-4CF6-8616-BF2194078CB9}.Release|Any CPU.Build.0 = Release|Any CPU
		{F36B3458-26DE-4CF6-8616-BF2194078CB9}.Release|x86.ActiveCfg = Release|Any CPU
		{F36B3458-26DE-4CF6-8616-BF2194078CB9}.Release|x86.Build.0 = Release|Any CPU
		{6FDE2173-288E-4350-B557-BE81B0FF3E11}.Debug|Any CPU.ActiveCfg = Debug|Any CPU
		{6FDE2173-288E-4350-B557-BE81B0FF3E11}.Debug|Any CPU.Build.0 = Debug|Any CPU
		{6FDE2173-288E-4350-B557-BE81B0FF3E11}.Debug|x86.ActiveCfg = Debug|Any CPU
		{6FDE2173-288E-4350-B557-BE81B0FF3E11}.Debug|x86.Build.0 = Debug|Any CPU
		{6FDE2173-288E-4350-B557-BE81B0FF3E11}.Dev|Any CPU.ActiveCfg = Debug|Any CPU
		{6FDE2173-288E-4350-B557-BE81B0FF3E11}.Dev|Any CPU.Build.0 = Debug|Any CPU
		{6FDE2173-288E-4350-B557-BE81B0FF3E11}.Dev|x86.ActiveCfg = Debug|Any CPU
		{6FDE2173-288E-4350-B557-BE81B0FF3E11}.Dev|x86.Build.0 = Debug|Any CPU
		{6FDE2173-288E-4350-B557-BE81B0FF3E11}.Quality|Any CPU.ActiveCfg = Release|Any CPU
		{6FDE2173-288E-4350-B557-BE81B0FF3E11}.Quality|Any CPU.Build.0 = Release|Any CPU
		{6FDE2173-288E-4350-B557-BE81B0FF3E11}.Quality|x86.ActiveCfg = Release|Any CPU
		{6FDE2173-288E-4350-B557-BE81B0FF3E11}.Quality|x86.Build.0 = Release|Any CPU
		{6FDE2173-288E-4350-B557-BE81B0FF3E11}.Release|Any CPU.ActiveCfg = Release|Any CPU
		{6FDE2173-288E-4350-B557-BE81B0FF3E11}.Release|Any CPU.Build.0 = Release|Any CPU
		{6FDE2173-288E-4350-B557-BE81B0FF3E11}.Release|x86.ActiveCfg = Release|Any CPU
		{6FDE2173-288E-4350-B557-BE81B0FF3E11}.Release|x86.Build.0 = Release|Any CPU
	EndGlobalSection
	GlobalSection(SolutionProperties) = preSolution
		HideSolutionNode = FALSE
	EndGlobalSection
	GlobalSection(NestedProjects) = preSolution
		{F069D035-8EC2-4DE8-A9CC-BB673B54CF4C} = {0CF53B43-A13F-4603-B073-95943EFF050D}
		{97C1DE40-EECD-4055-9FB3-F9F20991904A} = {0CF53B43-A13F-4603-B073-95943EFF050D}
		{4E2FBA7B-70EC-46B5-92D6-36B407BB107F} = {A1EDB804-4E18-40A8-A089-78A127ADC1ED}
		{5C20D561-B53A-4A83-A965-50A25B6B8156} = {A1EDB804-4E18-40A8-A089-78A127ADC1ED}
		{6D3B1C77-C544-4C9D-9704-11B5BBE67505} = {A1EDB804-4E18-40A8-A089-78A127ADC1ED}
		{54296465-9F6F-4BD0-93F9-4B0C859C5F26} = {0CF53B43-A13F-4603-B073-95943EFF050D}
		{3A5288F8-A9D1-481C-AC20-B44DFC1961F3} = {54296465-9F6F-4BD0-93F9-4B0C859C5F26}
		{501BEB12-0394-4C66-A3BD-A5B721C0743E} = {54296465-9F6F-4BD0-93F9-4B0C859C5F26}
		{CDF82985-F7AA-4A25-B9E0-9A7A382C7D10} = {54296465-9F6F-4BD0-93F9-4B0C859C5F26}
		{412786E2-7BA8-4907-A69D-65DEEC118CEE} = {E7065DA7-A19C-4083-AA32-5F370A96642C}
		{0C54AD0D-A798-4931-AEC4-712E791D4B40} = {54296465-9F6F-4BD0-93F9-4B0C859C5F26}
		{8708660E-126A-4DE4-B783-B0B0CCF613D3} = {54296465-9F6F-4BD0-93F9-4B0C859C5F26}
	EndGlobalSection
	GlobalSection(ExtensibilityGlobals) = postSolution
		SolutionGuid = {F19CA50F-7599-43AF-963B-85E10E41DD8A}
	EndGlobalSection
EndGlobal
